// !$*UTF8*$!
{
	archiveVersion = 1;
	classes = {
	};
	objectVersion = 46;
	objects = {

/* Begin PBXBuildFile section */
		CD7F72841ADC0F4B00CCA1CC /* FFEvent.swift in Sources */ = {isa = PBXBuildFile; fileRef = CD7F72811ADC0F4B00CCA1CC /* FFEvent.swift */; };
		CD7F72851ADC0F4B00CCA1CC /* FFExtensions.swift in Sources */ = {isa = PBXBuildFile; fileRef = CD7F72821ADC0F4B00CCA1CC /* FFExtensions.swift */; };
		CD7F72861ADC0F4B00CCA1CC /* FFHourAndMinLabel.swift in Sources */ = {isa = PBXBuildFile; fileRef = CD7F72831ADC0F4B00CCA1CC /* FFHourAndMinLabel.swift */; };
		CD7F72881ADC0F7D00CCA1CC /* FFBlueButton.swift in Sources */ = {isa = PBXBuildFile; fileRef = CD7F72871ADC0F7D00CCA1CC /* FFBlueButton.swift */; };
		CD7F728A1ADC0FBC00CCA1CC /* FFDateManager.swift in Sources */ = {isa = PBXBuildFile; fileRef = CD7F72891ADC0FBC00CCA1CC /* FFDateManager.swift */; };
		CDAC31FF1AD6F884005C1494 /* AppDelegate.swift in Sources */ = {isa = PBXBuildFile; fileRef = CDAC31FE1AD6F884005C1494 /* AppDelegate.swift */; };
		CDAC32061AD6F884005C1494 /* Images.xcassets in Resources */ = {isa = PBXBuildFile; fileRef = CDAC32051AD6F884005C1494 /* Images.xcassets */; };
		CDAC32091AD6F884005C1494 /* LaunchScreen.xib in Resources */ = {isa = PBXBuildFile; fileRef = CDAC32071AD6F884005C1494 /* LaunchScreen.xib */; };
		CDAC32151AD6F884005C1494 /* FFCalendarTests.swift in Sources */ = {isa = PBXBuildFile; fileRef = CDAC32141AD6F884005C1494 /* FFCalendarTests.swift */; };
		CDAC32231AD6FC92005C1494 /* FFCalendarViewController.swift in Sources */ = {isa = PBXBuildFile; fileRef = CDAC32221AD6FC92005C1494 /* FFCalendarViewController.swift */; };
		CDAC32271AD70356005C1494 /* FFConstants.swift in Sources */ = {isa = PBXBuildFile; fileRef = CDAC32261AD70356005C1494 /* FFConstants.swift */; };
		CDAC324D1AD70878005C1494 /* FFDayCell.swift in Sources */ = {isa = PBXBuildFile; fileRef = CDAC324C1AD70878005C1494 /* FFDayCell.swift */; };
		CDCB229F1AD8653500A81CE4 /* FFDayScrollView.swift in Sources */ = {isa = PBXBuildFile; fileRef = CDCB229E1AD8653500A81CE4 /* FFDayScrollView.swift */; };
		CDCB22A11AD8656500A81CE4 /* FFDayCollectionView.swift in Sources */ = {isa = PBXBuildFile; fileRef = CDCB22A01AD8656500A81CE4 /* FFDayCollectionView.swift */; };
		CDCB22A31AD8658F00A81CE4 /* FFDayCollectionViewFlowLayout.swift in Sources */ = {isa = PBXBuildFile; fileRef = CDCB22A21AD8658F00A81CE4 /* FFDayCollectionViewFlowLayout.swift */; };
		CDCB22A81AD8670200A81CE4 /* FFEventDetailView.swift in Sources */ = {isa = PBXBuildFile; fileRef = CDCB22A71AD8670200A81CE4 /* FFEventDetailView.swift */; };
		CDCB22AA1AD8672500A81CE4 /* FFEditEventView.swift in Sources */ = {isa = PBXBuildFile; fileRef = CDCB22A91AD8672500A81CE4 /* FFEditEventView.swift */; };
		CDCCCC461AE029E900E42BB2 /* FFFixedSpaceCollectionViewFlowLayout.swift in Sources */ = {isa = PBXBuildFile; fileRef = CDCCCC451AE029E900E42BB2 /* FFFixedSpaceCollectionViewFlowLayout.swift */; };
		CDCCCC481AE02A8C00E42BB2 /* FFDayHeaderCollectionViewFlowLayout.swift in Sources */ = {isa = PBXBuildFile; fileRef = CDCCCC471AE02A8C00E42BB2 /* FFDayHeaderCollectionViewFlowLayout.swift */; };
		CDF301F81AD84AD800503C11 /* FFDayCalendarView.swift in Sources */ = {isa = PBXBuildFile; fileRef = CDF301F71AD84AD800503C11 /* FFDayCalendarView.swift */; };
		CDF301FA1AD850B400503C11 /* FFDayHeaderCollectionView.swift in Sources */ = {isa = PBXBuildFile; fileRef = CDF301F91AD850B400503C11 /* FFDayHeaderCollectionView.swift */; };
		CDF301FC1AD850D400503C11 /* FFDayHeaderCell.swift in Sources */ = {isa = PBXBuildFile; fileRef = CDF301FB1AD850D400503C11 /* FFDayHeaderCell.swift */; };
		CDF301FE1AD850F400503C11 /* FFDayHeaderButton.swift in Sources */ = {isa = PBXBuildFile; fileRef = CDF301FD1AD850F400503C11 /* FFDayHeaderButton.swift */; };
		CDFF719B1ADF08CF003D07AD /* FFHourAndMinLabelWithLine.swift in Sources */ = {isa = PBXBuildFile; fileRef = CDFF719A1ADF08CF003D07AD /* FFHourAndMinLabelWithLine.swift */; };
/* End PBXBuildFile section */

/* Begin PBXContainerItemProxy section */
		CDAC320F1AD6F884005C1494 /* PBXContainerItemProxy */ = {
			isa = PBXContainerItemProxy;
			containerPortal = CDAC31F11AD6F884005C1494 /* Project object */;
			proxyType = 1;
			remoteGlobalIDString = CDAC31F81AD6F884005C1494;
			remoteInfo = FFCalendar;
		};
/* End PBXContainerItemProxy section */

/* Begin PBXFileReference section */
		CD7F72811ADC0F4B00CCA1CC /* FFEvent.swift */ = {isa = PBXFileReference; fileEncoding = 4; lastKnownFileType = sourcecode.swift; path = FFEvent.swift; sourceTree = "<group>"; };
		CD7F72821ADC0F4B00CCA1CC /* FFExtensions.swift */ = {isa = PBXFileReference; fileEncoding = 4; lastKnownFileType = sourcecode.swift; path = FFExtensions.swift; sourceTree = "<group>"; };
		CD7F72831ADC0F4B00CCA1CC /* FFHourAndMinLabel.swift */ = {isa = PBXFileReference; fileEncoding = 4; lastKnownFileType = sourcecode.swift; path = FFHourAndMinLabel.swift; sourceTree = "<group>"; };
		CD7F72871ADC0F7D00CCA1CC /* FFBlueButton.swift */ = {isa = PBXFileReference; fileEncoding = 4; lastKnownFileType = sourcecode.swift; path = FFBlueButton.swift; sourceTree = "<group>"; };
		CD7F72891ADC0FBC00CCA1CC /* FFDateManager.swift */ = {isa = PBXFileReference; fileEncoding = 4; lastKnownFileType = sourcecode.swift; path = FFDateManager.swift; sourceTree = "<group>"; };
		CD83716F1ADDB16D0003E1CF /* FFCalendar-Bridging-Header.h */ = {isa = PBXFileReference; lastKnownFileType = sourcecode.c.h; path = "FFCalendar-Bridging-Header.h"; sourceTree = "<group>"; };
		CDAC31F91AD6F884005C1494 /* FFCalendar.app */ = {isa = PBXFileReference; explicitFileType = wrapper.application; includeInIndex = 0; path = FFCalendar.app; sourceTree = BUILT_PRODUCTS_DIR; };
		CDAC31FD1AD6F884005C1494 /* Info.plist */ = {isa = PBXFileReference; lastKnownFileType = text.plist.xml; path = Info.plist; sourceTree = "<group>"; };
		CDAC31FE1AD6F884005C1494 /* AppDelegate.swift */ = {isa = PBXFileReference; lastKnownFileType = sourcecode.swift; path = AppDelegate.swift; sourceTree = "<group>"; };
		CDAC32051AD6F884005C1494 /* Images.xcassets */ = {isa = PBXFileReference; lastKnownFileType = folder.assetcatalog; path = Images.xcassets; sourceTree = "<group>"; };
		CDAC32081AD6F884005C1494 /* Base */ = {isa = PBXFileReference; lastKnownFileType = file.xib; name = Base; path = Base.lproj/LaunchScreen.xib; sourceTree = "<group>"; };
		CDAC320E1AD6F884005C1494 /* FFCalendarTests.xctest */ = {isa = PBXFileReference; explicitFileType = wrapper.cfbundle; includeInIndex = 0; path = FFCalendarTests.xctest; sourceTree = BUILT_PRODUCTS_DIR; };
		CDAC32131AD6F884005C1494 /* Info.plist */ = {isa = PBXFileReference; lastKnownFileType = text.plist.xml; path = Info.plist; sourceTree = "<group>"; };
		CDAC32141AD6F884005C1494 /* FFCalendarTests.swift */ = {isa = PBXFileReference; lastKnownFileType = sourcecode.swift; path = FFCalendarTests.swift; sourceTree = "<group>"; };
		CDAC32221AD6FC92005C1494 /* FFCalendarViewController.swift */ = {isa = PBXFileReference; fileEncoding = 4; lastKnownFileType = sourcecode.swift; name = FFCalendarViewController.swift; path = FFCalendarViewController/FFCalendarViewController.swift; sourceTree = "<group>"; };
		CDAC32261AD70356005C1494 /* FFConstants.swift */ = {isa = PBXFileReference; fileEncoding = 4; lastKnownFileType = sourcecode.swift; path = FFConstants.swift; sourceTree = "<group>"; };
		CDAC324C1AD70878005C1494 /* FFDayCell.swift */ = {isa = PBXFileReference; fileEncoding = 4; lastKnownFileType = sourcecode.swift; path = FFDayCell.swift; sourceTree = "<group>"; };
		CDCB229E1AD8653500A81CE4 /* FFDayScrollView.swift */ = {isa = PBXFileReference; fileEncoding = 4; lastKnownFileType = sourcecode.swift; path = FFDayScrollView.swift; sourceTree = "<group>"; };
		CDCB22A01AD8656500A81CE4 /* FFDayCollectionView.swift */ = {isa = PBXFileReference; fileEncoding = 4; lastKnownFileType = sourcecode.swift; path = FFDayCollectionView.swift; sourceTree = "<group>"; };
		CDCB22A21AD8658F00A81CE4 /* FFDayCollectionViewFlowLayout.swift */ = {isa = PBXFileReference; fileEncoding = 4; lastKnownFileType = sourcecode.swift; path = FFDayCollectionViewFlowLayout.swift; sourceTree = "<group>"; };
		CDCB22A71AD8670200A81CE4 /* FFEventDetailView.swift */ = {isa = PBXFileReference; fileEncoding = 4; lastKnownFileType = sourcecode.swift; path = FFEventDetailView.swift; sourceTree = "<group>"; };
		CDCB22A91AD8672500A81CE4 /* FFEditEventView.swift */ = {isa = PBXFileReference; fileEncoding = 4; lastKnownFileType = sourcecode.swift; path = FFEditEventView.swift; sourceTree = "<group>"; };
		CDCCCC451AE029E900E42BB2 /* FFFixedSpaceCollectionViewFlowLayout.swift */ = {isa = PBXFileReference; fileEncoding = 4; lastKnownFileType = sourcecode.swift; path = FFFixedSpaceCollectionViewFlowLayout.swift; sourceTree = "<group>"; };
		CDCCCC471AE02A8C00E42BB2 /* FFDayHeaderCollectionViewFlowLayout.swift */ = {isa = PBXFileReference; fileEncoding = 4; lastKnownFileType = sourcecode.swift; path = FFDayHeaderCollectionViewFlowLayout.swift; sourceTree = "<group>"; };
		CDF301F71AD84AD800503C11 /* FFDayCalendarView.swift */ = {isa = PBXFileReference; fileEncoding = 4; lastKnownFileType = sourcecode.swift; path = FFDayCalendarView.swift; sourceTree = "<group>"; };
		CDF301F91AD850B400503C11 /* FFDayHeaderCollectionView.swift */ = {isa = PBXFileReference; fileEncoding = 4; lastKnownFileType = sourcecode.swift; path = FFDayHeaderCollectionView.swift; sourceTree = "<group>"; };
		CDF301FB1AD850D400503C11 /* FFDayHeaderCell.swift */ = {isa = PBXFileReference; fileEncoding = 4; lastKnownFileType = sourcecode.swift; path = FFDayHeaderCell.swift; sourceTree = "<group>"; };
		CDF301FD1AD850F400503C11 /* FFDayHeaderButton.swift */ = {isa = PBXFileReference; fileEncoding = 4; lastKnownFileType = sourcecode.swift; path = FFDayHeaderButton.swift; sourceTree = "<group>"; };
		CDFF719A1ADF08CF003D07AD /* FFHourAndMinLabelWithLine.swift */ = {isa = PBXFileReference; fileEncoding = 4; lastKnownFileType = sourcecode.swift; path = FFHourAndMinLabelWithLine.swift; sourceTree = "<group>"; };
/* End PBXFileReference section */

/* Begin PBXFrameworksBuildPhase section */
		CDAC31F61AD6F884005C1494 /* Frameworks */ = {
			isa = PBXFrameworksBuildPhase;
			buildActionMask = 2147483647;
			files = (
			);
			runOnlyForDeploymentPostprocessing = 0;
		};
		CDAC320B1AD6F884005C1494 /* Frameworks */ = {
			isa = PBXFrameworksBuildPhase;
			buildActionMask = 2147483647;
			files = (
			);
			runOnlyForDeploymentPostprocessing = 0;
		};
/* End PBXFrameworksBuildPhase section */

/* Begin PBXGroup section */
		CDAC31F01AD6F884005C1494 = {
			isa = PBXGroup;
			children = (
				CDAC31FB1AD6F884005C1494 /* FFCalendar */,
				CDAC32111AD6F884005C1494 /* FFCalendarTests */,
				CDAC31FA1AD6F884005C1494 /* Products */,
			);
			sourceTree = "<group>";
		};
		CDAC31FA1AD6F884005C1494 /* Products */ = {
			isa = PBXGroup;
			children = (
				CDAC31F91AD6F884005C1494 /* FFCalendar.app */,
				CDAC320E1AD6F884005C1494 /* FFCalendarTests.xctest */,
			);
			name = Products;
			sourceTree = "<group>";
		};
		CDAC31FB1AD6F884005C1494 /* FFCalendar */ = {
			isa = PBXGroup;
			children = (
				CDAC31FE1AD6F884005C1494 /* AppDelegate.swift */,
				CDAC32211AD6FC7B005C1494 /* FFCalendarViewController */,
				CDAC32241AD700B9005C1494 /* FFCalendar */,
				CDAC32051AD6F884005C1494 /* Images.xcassets */,
				CDAC32071AD6F884005C1494 /* LaunchScreen.xib */,
				CDAC31FC1AD6F884005C1494 /* Supporting Files */,
			);
			path = FFCalendar;
			sourceTree = "<group>";
		};
		CDAC31FC1AD6F884005C1494 /* Supporting Files */ = {
			isa = PBXGroup;
			children = (
				CDAC31FD1AD6F884005C1494 /* Info.plist */,
			);
			name = "Supporting Files";
			sourceTree = "<group>";
		};
		CDAC32111AD6F884005C1494 /* FFCalendarTests */ = {
			isa = PBXGroup;
			children = (
				CDAC32141AD6F884005C1494 /* FFCalendarTests.swift */,
				CDAC32121AD6F884005C1494 /* Supporting Files */,
			);
			path = FFCalendarTests;
			sourceTree = "<group>";
		};
		CDAC32121AD6F884005C1494 /* Supporting Files */ = {
			isa = PBXGroup;
			children = (
				CDAC32131AD6F884005C1494 /* Info.plist */,
			);
			name = "Supporting Files";
			sourceTree = "<group>";
		};
		CDAC32211AD6FC7B005C1494 /* FFCalendarViewController */ = {
			isa = PBXGroup;
			children = (
				CDAC32221AD6FC92005C1494 /* FFCalendarViewController.swift */,
			);
			name = FFCalendarViewController;
			sourceTree = "<group>";
		};
		CDAC32241AD700B9005C1494 /* FFCalendar */ = {
			isa = PBXGroup;
			children = (
				CDAC32461AD70846005C1494 /* FFDayCalendarView */,
				CDAC32251AD700B9005C1494 /* Util */,
			);
			path = FFCalendar;
			sourceTree = "<group>";
		};
		CDAC32251AD700B9005C1494 /* Util */ = {
			isa = PBXGroup;
			children = (
				CDAC32261AD70356005C1494 /* FFConstants.swift */,
				CD7F72811ADC0F4B00CCA1CC /* FFEvent.swift */,
				CD7F72821ADC0F4B00CCA1CC /* FFExtensions.swift */,
				CD7F72891ADC0FBC00CCA1CC /* FFDateManager.swift */,
				CD7F72831ADC0F4B00CCA1CC /* FFHourAndMinLabel.swift */,
				CDFF719A1ADF08CF003D07AD /* FFHourAndMinLabelWithLine.swift */,
				CD7F72871ADC0F7D00CCA1CC /* FFBlueButton.swift */,
				CDCCCC451AE029E900E42BB2 /* FFFixedSpaceCollectionViewFlowLayout.swift */,
				CDCB22A41AD866A400A81CE4 /* FFEventDetail and FFEditEvent Views and Popovers */,
				CD83716F1ADDB16D0003E1CF /* FFCalendar-Bridging-Header.h */,
			);
			path = Util;
			sourceTree = "<group>";
		};
		CDAC32461AD70846005C1494 /* FFDayCalendarView */ = {
			isa = PBXGroup;
			children = (
				CDF301F71AD84AD800503C11 /* FFDayCalendarView.swift */,
				CDAC32471AD70846005C1494 /* FFDayHeaderCollectionView */,
				CDAC32491AD70846005C1494 /* FFDayScrollView */,
			);
			path = FFDayCalendarView;
			sourceTree = "<group>";
		};
		CDAC32471AD70846005C1494 /* FFDayHeaderCollectionView */ = {
			isa = PBXGroup;
			children = (
				CDF301F91AD850B400503C11 /* FFDayHeaderCollectionView.swift */,
				CDCCCC471AE02A8C00E42BB2 /* FFDayHeaderCollectionViewFlowLayout.swift */,
				CDAC32481AD70846005C1494 /* FFDayHeaderCell */,
			);
			path = FFDayHeaderCollectionView;
			sourceTree = "<group>";
		};
		CDAC32481AD70846005C1494 /* FFDayHeaderCell */ = {
			isa = PBXGroup;
			children = (
				CDF301FB1AD850D400503C11 /* FFDayHeaderCell.swift */,
				CDF301FD1AD850F400503C11 /* FFDayHeaderButton.swift */,
			);
			path = FFDayHeaderCell;
			sourceTree = "<group>";
		};
		CDAC32491AD70846005C1494 /* FFDayScrollView */ = {
			isa = PBXGroup;
			children = (
				CDCB229E1AD8653500A81CE4 /* FFDayScrollView.swift */,
				CDAC324A1AD70846005C1494 /* FFDayCollectionView */,
			);
			path = FFDayScrollView;
			sourceTree = "<group>";
		};
		CDAC324A1AD70846005C1494 /* FFDayCollectionView */ = {
			isa = PBXGroup;
			children = (
				CDCB22A01AD8656500A81CE4 /* FFDayCollectionView.swift */,
				CDCB22A21AD8658F00A81CE4 /* FFDayCollectionViewFlowLayout.swift */,
				CDAC324B1AD70846005C1494 /* FFDayCell */,
			);
			path = FFDayCollectionView;
			sourceTree = "<group>";
		};
		CDAC324B1AD70846005C1494 /* FFDayCell */ = {
			isa = PBXGroup;
			children = (
				CDAC324C1AD70878005C1494 /* FFDayCell.swift */,
			);
			path = FFDayCell;
			sourceTree = "<group>";
		};
		CDCB22A41AD866A400A81CE4 /* FFEventDetail and FFEditEvent Views and Popovers */ = {
			isa = PBXGroup;
			children = (
				CDCB22A51AD866E200A81CE4 /* FFEditEvent View and Popover */,
				CDCB22A61AD866E200A81CE4 /* FFEventDetail View and Popover */,
			);
			path = "FFEventDetail and FFEditEvent Views and Popovers";
			sourceTree = "<group>";
		};
		CDCB22A51AD866E200A81CE4 /* FFEditEvent View and Popover */ = {
			isa = PBXGroup;
			children = (
				CDCB22A91AD8672500A81CE4 /* FFEditEventView.swift */,
			);
			path = "FFEditEvent View and Popover";
			sourceTree = "<group>";
		};
		CDCB22A61AD866E200A81CE4 /* FFEventDetail View and Popover */ = {
			isa = PBXGroup;
			children = (
				CDCB22A71AD8670200A81CE4 /* FFEventDetailView.swift */,
			);
			path = "FFEventDetail View and Popover";
			sourceTree = "<group>";
		};
/* End PBXGroup section */

/* Begin PBXNativeTarget section */
		CDAC31F81AD6F884005C1494 /* FFCalendar */ = {
			isa = PBXNativeTarget;
			buildConfigurationList = CDAC32181AD6F884005C1494 /* Build configuration list for PBXNativeTarget "FFCalendar" */;
			buildPhases = (
				CDAC31F51AD6F884005C1494 /* Sources */,
				CDAC31F61AD6F884005C1494 /* Frameworks */,
				CDAC31F71AD6F884005C1494 /* Resources */,
			);
			buildRules = (
			);
			dependencies = (
			);
			name = FFCalendar;
			productName = FFCalendar;
			productReference = CDAC31F91AD6F884005C1494 /* FFCalendar.app */;
			productType = "com.apple.product-type.application";
		};
		CDAC320D1AD6F884005C1494 /* FFCalendarTests */ = {
			isa = PBXNativeTarget;
			buildConfigurationList = CDAC321B1AD6F884005C1494 /* Build configuration list for PBXNativeTarget "FFCalendarTests" */;
			buildPhases = (
				CDAC320A1AD6F884005C1494 /* Sources */,
				CDAC320B1AD6F884005C1494 /* Frameworks */,
				CDAC320C1AD6F884005C1494 /* Resources */,
			);
			buildRules = (
			);
			dependencies = (
				CDAC32101AD6F884005C1494 /* PBXTargetDependency */,
			);
			name = FFCalendarTests;
			productName = FFCalendarTests;
			productReference = CDAC320E1AD6F884005C1494 /* FFCalendarTests.xctest */;
			productType = "com.apple.product-type.bundle.unit-test";
		};
/* End PBXNativeTarget section */

/* Begin PBXProject section */
		CDAC31F11AD6F884005C1494 /* Project object */ = {
			isa = PBXProject;
			attributes = {
				LastUpgradeCheck = 0620;
				ORGANIZATIONNAME = "Fernanda G Geraissate";
				TargetAttributes = {
					CDAC31F81AD6F884005C1494 = {
						CreatedOnToolsVersion = 6.2;
					};
					CDAC320D1AD6F884005C1494 = {
						CreatedOnToolsVersion = 6.2;
						TestTargetID = CDAC31F81AD6F884005C1494;
					};
				};
			};
			buildConfigurationList = CDAC31F41AD6F884005C1494 /* Build configuration list for PBXProject "FFCalendar" */;
			compatibilityVersion = "Xcode 3.2";
			developmentRegion = English;
			hasScannedForEncodings = 0;
			knownRegions = (
				en,
				Base,
			);
			mainGroup = CDAC31F01AD6F884005C1494;
			productRefGroup = CDAC31FA1AD6F884005C1494 /* Products */;
			projectDirPath = "";
			projectRoot = "";
			targets = (
				CDAC31F81AD6F884005C1494 /* FFCalendar */,
				CDAC320D1AD6F884005C1494 /* FFCalendarTests */,
			);
		};
/* End PBXProject section */

/* Begin PBXResourcesBuildPhase section */
		CDAC31F71AD6F884005C1494 /* Resources */ = {
			isa = PBXResourcesBuildPhase;
			buildActionMask = 2147483647;
			files = (
				CDAC32091AD6F884005C1494 /* LaunchScreen.xib in Resources */,
				CDAC32061AD6F884005C1494 /* Images.xcassets in Resources */,
			);
			runOnlyForDeploymentPostprocessing = 0;
		};
		CDAC320C1AD6F884005C1494 /* Resources */ = {
			isa = PBXResourcesBuildPhase;
			buildActionMask = 2147483647;
			files = (
			);
			runOnlyForDeploymentPostprocessing = 0;
		};
/* End PBXResourcesBuildPhase section */

/* Begin PBXSourcesBuildPhase section */
		CDAC31F51AD6F884005C1494 /* Sources */ = {
			isa = PBXSourcesBuildPhase;
			buildActionMask = 2147483647;
			files = (
				CDCB22A31AD8658F00A81CE4 /* FFDayCollectionViewFlowLayout.swift in Sources */,
				CDAC324D1AD70878005C1494 /* FFDayCell.swift in Sources */,
				CD7F72841ADC0F4B00CCA1CC /* FFEvent.swift in Sources */,
				CDF301F81AD84AD800503C11 /* FFDayCalendarView.swift in Sources */,
				CDCB229F1AD8653500A81CE4 /* FFDayScrollView.swift in Sources */,
				CDCCCC481AE02A8C00E42BB2 /* FFDayHeaderCollectionViewFlowLayout.swift in Sources */,
				CDAC32231AD6FC92005C1494 /* FFCalendarViewController.swift in Sources */,
				CDF301FE1AD850F400503C11 /* FFDayHeaderButton.swift in Sources */,
				CDFF719B1ADF08CF003D07AD /* FFHourAndMinLabelWithLine.swift in Sources */,
				CD7F728A1ADC0FBC00CCA1CC /* FFDateManager.swift in Sources */,
				CDAC31FF1AD6F884005C1494 /* AppDelegate.swift in Sources */,
				CD7F72851ADC0F4B00CCA1CC /* FFExtensions.swift in Sources */,
				CDF301FC1AD850D400503C11 /* FFDayHeaderCell.swift in Sources */,
				CDF301FA1AD850B400503C11 /* FFDayHeaderCollectionView.swift in Sources */,
				CDAC32271AD70356005C1494 /* FFConstants.swift in Sources */,
				CDCB22A81AD8670200A81CE4 /* FFEventDetailView.swift in Sources */,
				CDCB22AA1AD8672500A81CE4 /* FFEditEventView.swift in Sources */,
				CD7F72881ADC0F7D00CCA1CC /* FFBlueButton.swift in Sources */,
				CDCB22A11AD8656500A81CE4 /* FFDayCollectionView.swift in Sources */,
				CDCCCC461AE029E900E42BB2 /* FFFixedSpaceCollectionViewFlowLayout.swift in Sources */,
				CD7F72861ADC0F4B00CCA1CC /* FFHourAndMinLabel.swift in Sources */,
			);
			runOnlyForDeploymentPostprocessing = 0;
		};
		CDAC320A1AD6F884005C1494 /* Sources */ = {
			isa = PBXSourcesBuildPhase;
			buildActionMask = 2147483647;
			files = (
				CDAC32151AD6F884005C1494 /* FFCalendarTests.swift in Sources */,
			);
			runOnlyForDeploymentPostprocessing = 0;
		};
/* End PBXSourcesBuildPhase section */

/* Begin PBXTargetDependency section */
		CDAC32101AD6F884005C1494 /* PBXTargetDependency */ = {
			isa = PBXTargetDependency;
			target = CDAC31F81AD6F884005C1494 /* FFCalendar */;
			targetProxy = CDAC320F1AD6F884005C1494 /* PBXContainerItemProxy */;
		};
/* End PBXTargetDependency section */

/* Begin PBXVariantGroup section */
		CDAC32071AD6F884005C1494 /* LaunchScreen.xib */ = {
			isa = PBXVariantGroup;
			children = (
				CDAC32081AD6F884005C1494 /* Base */,
			);
			name = LaunchScreen.xib;
			sourceTree = "<group>";
		};
/* End PBXVariantGroup section */

/* Begin XCBuildConfiguration section */
		CDAC32161AD6F884005C1494 /* Debug */ = {
			isa = XCBuildConfiguration;
			buildSettings = {
				ALWAYS_SEARCH_USER_PATHS = NO;
				CLANG_CXX_LANGUAGE_STANDARD = "gnu++0x";
				CLANG_CXX_LIBRARY = "libc++";
				CLANG_ENABLE_MODULES = YES;
				CLANG_ENABLE_OBJC_ARC = YES;
				CLANG_WARN_BOOL_CONVERSION = YES;
				CLANG_WARN_CONSTANT_CONVERSION = YES;
				CLANG_WARN_DIRECT_OBJC_ISA_USAGE = YES_ERROR;
				CLANG_WARN_EMPTY_BODY = YES;
				CLANG_WARN_ENUM_CONVERSION = YES;
				CLANG_WARN_INT_CONVERSION = YES;
				CLANG_WARN_OBJC_ROOT_CLASS = YES_ERROR;
				CLANG_WARN_UNREACHABLE_CODE = YES;
				CLANG_WARN__DUPLICATE_METHOD_MATCH = YES;
				"CODE_SIGN_IDENTITY[sdk=iphoneos*]" = "iPhone Developer";
				COPY_PHASE_STRIP = NO;
				ENABLE_STRICT_OBJC_MSGSEND = YES;
				GCC_C_LANGUAGE_STANDARD = gnu99;
				GCC_DYNAMIC_NO_PIC = NO;
				GCC_OPTIMIZATION_LEVEL = 0;
				GCC_PREPROCESSOR_DEFINITIONS = (
					"DEBUG=1",
					"$(inherited)",
				);
				GCC_SYMBOLS_PRIVATE_EXTERN = NO;
				GCC_WARN_64_TO_32_BIT_CONVERSION = YES;
				GCC_WARN_ABOUT_RETURN_TYPE = YES_ERROR;
				GCC_WARN_UNDECLARED_SELECTOR = YES;
				GCC_WARN_UNINITIALIZED_AUTOS = YES_AGGRESSIVE;
				GCC_WARN_UNUSED_FUNCTION = YES;
				GCC_WARN_UNUSED_VARIABLE = YES;
				IPHONEOS_DEPLOYMENT_TARGET = 8.2;
				MTL_ENABLE_DEBUG_INFO = YES;
				ONLY_ACTIVE_ARCH = YES;
				SDKROOT = iphoneos;
				SWIFT_OPTIMIZATION_LEVEL = "-Onone";
				TARGETED_DEVICE_FAMILY = "1,2";
			};
			name = Debug;
		};
		CDAC32171AD6F884005C1494 /* Release */ = {
			isa = XCBuildConfiguration;
			buildSettings = {
				ALWAYS_SEARCH_USER_PATHS = NO;
				CLANG_CXX_LANGUAGE_STANDARD = "gnu++0x";
				CLANG_CXX_LIBRARY = "libc++";
				CLANG_ENABLE_MODULES = YES;
				CLANG_ENABLE_OBJC_ARC = YES;
				CLANG_WARN_BOOL_CONVERSION = YES;
				CLANG_WARN_CONSTANT_CONVERSION = YES;
				CLANG_WARN_DIRECT_OBJC_ISA_USAGE = YES_ERROR;
				CLANG_WARN_EMPTY_BODY = YES;
				CLANG_WARN_ENUM_CONVERSION = YES;
				CLANG_WARN_INT_CONVERSION = YES;
				CLANG_WARN_OBJC_ROOT_CLASS = YES_ERROR;
				CLANG_WARN_UNREACHABLE_CODE = YES;
				CLANG_WARN__DUPLICATE_METHOD_MATCH = YES;
				"CODE_SIGN_IDENTITY[sdk=iphoneos*]" = "iPhone Developer";
				COPY_PHASE_STRIP = NO;
				ENABLE_NS_ASSERTIONS = NO;
				ENABLE_STRICT_OBJC_MSGSEND = YES;
				GCC_C_LANGUAGE_STANDARD = gnu99;
				GCC_WARN_64_TO_32_BIT_CONVERSION = YES;
				GCC_WARN_ABOUT_RETURN_TYPE = YES_ERROR;
				GCC_WARN_UNDECLARED_SELECTOR = YES;
				GCC_WARN_UNINITIALIZED_AUTOS = YES_AGGRESSIVE;
				GCC_WARN_UNUSED_FUNCTION = YES;
				GCC_WARN_UNUSED_VARIABLE = YES;
				IPHONEOS_DEPLOYMENT_TARGET = 8.2;
				MTL_ENABLE_DEBUG_INFO = NO;
				SDKROOT = iphoneos;
				TARGETED_DEVICE_FAMILY = "1,2";
				VALIDATE_PRODUCT = YES;
			};
			name = Release;
		};
		CDAC32191AD6F884005C1494 /* Debug */ = {
			isa = XCBuildConfiguration;
			buildSettings = {
				ASSETCATALOG_COMPILER_APPICON_NAME = AppIcon;
				CLANG_ENABLE_MODULES = YES;
				INFOPLIST_FILE = FFCalendar/Info.plist;
				LD_RUNPATH_SEARCH_PATHS = "$(inherited) @executable_path/Frameworks";
				PRODUCT_NAME = "$(TARGET_NAME)";
				SWIFT_OBJC_BRIDGING_HEADER = "FFCalendar/FFCalendar/Util/FFCalendar-Bridging-Header.h";
				SWIFT_OPTIMIZATION_LEVEL = "-Onone";
			};
			name = Debug;
		};
		CDAC321A1AD6F884005C1494 /* Release */ = {
			isa = XCBuildConfiguration;
			buildSettings = {
				ASSETCATALOG_COMPILER_APPICON_NAME = AppIcon;
				CLANG_ENABLE_MODULES = YES;
				INFOPLIST_FILE = FFCalendar/Info.plist;
				LD_RUNPATH_SEARCH_PATHS = "$(inherited) @executable_path/Frameworks";
				PRODUCT_NAME = "$(TARGET_NAME)";
				SWIFT_OBJC_BRIDGING_HEADER = "FFCalendar/FFCalendar/Util/FFCalendar-Bridging-Header.h";
			};
			name = Release;
		};
		CDAC321C1AD6F884005C1494 /* Debug */ = {
			isa = XCBuildConfiguration;
			buildSettings = {
				BUNDLE_LOADER = "$(TEST_HOST)";
				FRAMEWORK_SEARCH_PATHS = (
					"$(SDKROOT)/Developer/Library/Frameworks",
					"$(inherited)",
				);
				GCC_PREPROCESSOR_DEFINITIONS = (
					"DEBUG=1",
					"$(inherited)",
				);
				INFOPLIST_FILE = FFCalendarTests/Info.plist;
				LD_RUNPATH_SEARCH_PATHS = "$(inherited) @executable_path/Frameworks @loader_path/Frameworks";
				PRODUCT_NAME = "$(TARGET_NAME)";
				TEST_HOST = "$(BUILT_PRODUCTS_DIR)/FFCalendar.app/FFCalendar";
			};
			name = Debug;
		};
		CDAC321D1AD6F884005C1494 /* Release */ = {
			isa = XCBuildConfiguration;
			buildSettings = {
				BUNDLE_LOADER = "$(TEST_HOST)";
				FRAMEWORK_SEARCH_PATHS = (
					"$(SDKROOT)/Developer/Library/Frameworks",
					"$(inherited)",
				);
				INFOPLIST_FILE = FFCalendarTests/Info.plist;
				LD_RUNPATH_SEARCH_PATHS = "$(inherited) @executable_path/Frameworks @loader_path/Frameworks";
				PRODUCT_NAME = "$(TARGET_NAME)";
				TEST_HOST = "$(BUILT_PRODUCTS_DIR)/FFCalendar.app/FFCalendar";
			};
			name = Release;
		};
/* End XCBuildConfiguration section */

/* Begin XCConfigurationList section */
		CDAC31F41AD6F884005C1494 /* Build configuration list for PBXProject "FFCalendar" */ = {
			isa = XCConfigurationList;
			buildConfigurations = (
				CDAC32161AD6F884005C1494 /* Debug */,
				CDAC32171AD6F884005C1494 /* Release */,
			);
			defaultConfigurationIsVisible = 0;
			defaultConfigurationName = Release;
		};
		CDAC32181AD6F884005C1494 /* Build configuration list for PBXNativeTarget "FFCalendar" */ = {
			isa = XCConfigurationList;
			buildConfigurations = (
				CDAC32191AD6F884005C1494 /* Debug */,
				CDAC321A1AD6F884005C1494 /* Release */,
			);
			defaultConfigurationIsVisible = 0;
			defaultConfigurationName = Release;
		};
		CDAC321B1AD6F884005C1494 /* Build configuration list for PBXNativeTarget "FFCalendarTests" */ = {
			isa = XCConfigurationList;
			buildConfigurations = (
				CDAC321C1AD6F884005C1494 /* Debug */,
				CDAC321D1AD6F884005C1494 /* Release */,
			);
			defaultConfigurationIsVisible = 0;
			defaultConfigurationName = Release;
		};
/* End XCConfigurationList section */
	};
	rootObject = CDAC31F11AD6F884005C1494 /* Project object */;
}
