// !$*UTF8*$!
{
	archiveVersion = 1;
	classes = {
	};
	objectVersion = 46;
	objects = {

/* Begin PBXBuildFile section */
		CDAC31FF1AD6F884005C1494 /* AppDelegate.swift in Sources */ = {isa = PBXBuildFile; fileRef = CDAC31FE1AD6F884005C1494 /* AppDelegate.swift */; };
		CDAC32011AD6F884005C1494 /* ViewController.swift in Sources */ = {isa = PBXBuildFile; fileRef = CDAC32001AD6F884005C1494 /* ViewController.swift */; };
		CDAC32041AD6F884005C1494 /* Main.storyboard in Resources */ = {isa = PBXBuildFile; fileRef = CDAC32021AD6F884005C1494 /* Main.storyboard */; };
		CDAC32061AD6F884005C1494 /* Images.xcassets in Resources */ = {isa = PBXBuildFile; fileRef = CDAC32051AD6F884005C1494 /* Images.xcassets */; };
		CDAC32091AD6F884005C1494 /* LaunchScreen.xib in Resources */ = {isa = PBXBuildFile; fileRef = CDAC32071AD6F884005C1494 /* LaunchScreen.xib */; };
		CDAC32151AD6F884005C1494 /* FFCalendarTests.swift in Sources */ = {isa = PBXBuildFile; fileRef = CDAC32141AD6F884005C1494 /* FFCalendarTests.swift */; };
/* End PBXBuildFile section */

/* Begin PBXContainerItemProxy section */
		CDAC320F1AD6F884005C1494 /* PBXContainerItemProxy */ = {
			isa = PBXContainerItemProxy;
			containerPortal = CDAC31F11AD6F884005C1494 /* Project object */;
			proxyType = 1;
			remoteGlobalIDString = CDAC31F81AD6F884005C1494;
			remoteInfo = FFCalendar;
		};
/* End PBXContainerItemProxy section */

/* Begin PBXFileReference section */
		CDAC31F91AD6F884005C1494 /* FFCalendar.app */ = {isa = PBXFileReference; explicitFileType = wrapper.application; includeInIndex = 0; path = FFCalendar.app; sourceTree = BUILT_PRODUCTS_DIR; };
		CDAC31FD1AD6F884005C1494 /* Info.plist */ = {isa = PBXFileReference; lastKnownFileType = text.plist.xml; path = Info.plist; sourceTree = "<group>"; };
		CDAC31FE1AD6F884005C1494 /* AppDelegate.swift */ = {isa = PBXFileReference; lastKnownFileType = sourcecode.swift; path = AppDelegate.swift; sourceTree = "<group>"; };
		CDAC32001AD6F884005C1494 /* ViewController.swift */ = {isa = PBXFileReference; lastKnownFileType = sourcecode.swift; path = ViewController.swift; sourceTree = "<group>"; };
		CDAC32031AD6F884005C1494 /* Base */ = {isa = PBXFileReference; lastKnownFileType = file.storyboard; name = Base; path = Base.lproj/Main.storyboard; sourceTree = "<group>"; };
		CDAC32051AD6F884005C1494 /* Images.xcassets */ = {isa = PBXFileReference; lastKnownFileType = folder.assetcatalog; path = Images.xcassets; sourceTree = "<group>"; };
		CDAC32081AD6F884005C1494 /* Base */ = {isa = PBXFileReference; lastKnownFileType = file.xib; name = Base; path = Base.lproj/LaunchScreen.xib; sourceTree = "<group>"; };
		CDAC320E1AD6F884005C1494 /* FFCalendarTests.xctest */ = {isa = PBXFileReference; explicitFileType = wrapper.cfbundle; includeInIndex = 0; path = FFCalendarTests.xctest; sourceTree = BUILT_PRODUCTS_DIR; };
		CDAC32131AD6F884005C1494 /* Info.plist */ = {isa = PBXFileReference; lastKnownFileType = text.plist.xml; path = Info.plist; sourceTree = "<group>"; };
		CDAC32141AD6F884005C1494 /* FFCalendarTests.swift */ = {isa = PBXFileReference; lastKnownFileType = sourcecode.swift; path = FFCalendarTests.swift; sourceTree = "<group>"; };
/* End PBXFileReference section */

/* Begin PBXFrameworksBuildPhase section */
		CDAC31F61AD6F884005C1494 /* Frameworks */ = {
			isa = PBXFrameworksBuildPhase;
			buildActionMask = 2147483647;
			files = (
			);
			runOnlyForDeploymentPostprocessing = 0;
		};
		CDAC320B1AD6F884005C1494 /* Frameworks */ = {
			isa = PBXFrameworksBuildPhase;
			buildActionMask = 2147483647;
			files = (
			);
			runOnlyForDeploymentPostprocessing = 0;
		};
/* End PBXFrameworksBuildPhase section */

/* Begin PBXGroup section */
		CDAC31F01AD6F884005C1494 = {
			isa = PBXGroup;
			children = (
				CDAC31FB1AD6F884005C1494 /* FFCalendar */,
				CDAC32111AD6F884005C1494 /* FFCalendarTests */,
				CDAC31FA1AD6F884005C1494 /* Products */,
			);
			sourceTree = "<group>";
		};
		CDAC31FA1AD6F884005C1494 /* Products */ = {
			isa = PBXGroup;
			children = (
				CDAC31F91AD6F884005C1494 /* FFCalendar.app */,
				CDAC320E1AD6F884005C1494 /* FFCalendarTests.xctest */,
			);
			name = Products;
			sourceTree = "<group>";
		};
		CDAC31FB1AD6F884005C1494 /* FFCalendar */ = {
			isa = PBXGroup;
			children = (
				CDAC31FE1AD6F884005C1494 /* AppDelegate.swift */,
				CDAC32001AD6F884005C1494 /* ViewController.swift */,
				CDAC32021AD6F884005C1494 /* Main.storyboard */,
				CDAC32051AD6F884005C1494 /* Images.xcassets */,
				CDAC32071AD6F884005C1494 /* LaunchScreen.xib */,
				CDAC31FC1AD6F884005C1494 /* Supporting Files */,
			);
			path = FFCalendar;
			sourceTree = "<group>";
		};
		CDAC31FC1AD6F884005C1494 /* Supporting Files */ = {
			isa = PBXGroup;
			children = (
				CDAC31FD1AD6F884005C1494 /* Info.plist */,
			);
			name = "Supporting Files";
			sourceTree = "<group>";
		};
		CDAC32111AD6F884005C1494 /* FFCalendarTests */ = {
			isa = PBXGroup;
			children = (
				CDAC32141AD6F884005C1494 /* FFCalendarTests.swift */,
				CDAC32121AD6F884005C1494 /* Supporting Files */,
			);
			path = FFCalendarTests;
			sourceTree = "<group>";
		};
		CDAC32121AD6F884005C1494 /* Supporting Files */ = {
			isa = PBXGroup;
			children = (
				CDAC32131AD6F884005C1494 /* Info.plist */,
			);
			name = "Supporting Files";
			sourceTree = "<group>";
		};
/* End PBXGroup section */

/* Begin PBXNativeTarget section */
		CDAC31F81AD6F884005C1494 /* FFCalendar */ = {
			isa = PBXNativeTarget;
			buildConfigurationList = CDAC32181AD6F884005C1494 /* Build configuration list for PBXNativeTarget "FFCalendar" */;
			buildPhases = (
				CDAC31F51AD6F884005C1494 /* Sources */,
				CDAC31F61AD6F884005C1494 /* Frameworks */,
				CDAC31F71AD6F884005C1494 /* Resources */,
			);
			buildRules = (
			);
			dependencies = (
			);
			name = FFCalendar;
			productName = FFCalendar;
			productReference = CDAC31F91AD6F884005C1494 /* FFCalendar.app */;
			productType = "com.apple.product-type.application";
		};
		CDAC320D1AD6F884005C1494 /* FFCalendarTests */ = {
			isa = PBXNativeTarget;
			buildConfigurationList = CDAC321B1AD6F884005C1494 /* Build configuration list for PBXNativeTarget "FFCalendarTests" */;
			buildPhases = (
				CDAC320A1AD6F884005C1494 /* Sources */,
				CDAC320B1AD6F884005C1494 /* Frameworks */,
				CDAC320C1AD6F884005C1494 /* Resources */,
			);
			buildRules = (
			);
			dependencies = (
				CDAC32101AD6F884005C1494 /* PBXTargetDependency */,
			);
			name = FFCalendarTests;
			productName = FFCalendarTests;
			productReference = CDAC320E1AD6F884005C1494 /* FFCalendarTests.xctest */;
			productType = "com.apple.product-type.bundle.unit-test";
		};
/* End PBXNativeTarget section */

/* Begin PBXProject section */
		CDAC31F11AD6F884005C1494 /* Project object */ = {
			isa = PBXProject;
			attributes = {
				LastUpgradeCheck = 0620;
				ORGANIZATIONNAME = "Fernanda G Geraissate";
				TargetAttributes = {
					CDAC31F81AD6F884005C1494 = {
						CreatedOnToolsVersion = 6.2;
					};
					CDAC320D1AD6F884005C1494 = {
						CreatedOnToolsVersion = 6.2;
						TestTargetID = CDAC31F81AD6F884005C1494;
					};
				};
			};
			buildConfigurationList = CDAC31F41AD6F884005C1494 /* Build configuration list for PBXProject "FFCalendar" */;
			compatibilityVersion = "Xcode 3.2";
			developmentRegion = English;
			hasScannedForEncodings = 0;
			knownRegions = (
				en,
				Base,
			);
			mainGroup = CDAC31F01AD6F884005C1494;
			productRefGroup = CDAC31FA1AD6F884005C1494 /* Products */;
			projectDirPath = "";
			projectRoot = "";
			targets = (
				CDAC31F81AD6F884005C1494 /* FFCalendar */,
				CDAC320D1AD6F884005C1494 /* FFCalendarTests */,
			);
		};
/* End PBXProject section */

/* Begin PBXResourcesBuildPhase section */
		CDAC31F71AD6F884005C1494 /* Resources */ = {
			isa = PBXResourcesBuildPhase;
			buildActionMask = 2147483647;
			files = (
				CDAC32041AD6F884005C1494 /* Main.storyboard in Resources */,
				CDAC32091AD6F884005C1494 /* LaunchScreen.xib in Resources */,
				CDAC32061AD6F884005C1494 /* Images.xcassets in Resources */,
			);
			runOnlyForDeploymentPostprocessing = 0;
		};
		CDAC320C1AD6F884005C1494 /* Resources */ = {
			isa = PBXResourcesBuildPhase;
			buildActionMask = 2147483647;
			files = (
			);
			runOnlyForDeploymentPostprocessing = 0;
		};
/* End PBXResourcesBuildPhase section */

/* Begin PBXSourcesBuildPhase section */
		CDAC31F51AD6F884005C1494 /* Sources */ = {
			isa = PBXSourcesBuildPhase;
			buildActionMask = 2147483647;
			files = (
				CDAC32011AD6F884005C1494 /* ViewController.swift in Sources */,
				CDAC31FF1AD6F884005C1494 /* AppDelegate.swift in Sources */,
			);
			runOnlyForDeploymentPostprocessing = 0;
		};
		CDAC320A1AD6F884005C1494 /* Sources */ = {
			isa = PBXSourcesBuildPhase;
			buildActionMask = 2147483647;
			files = (
				CDAC32151AD6F884005C1494 /* FFCalendarTests.swift in Sources */,
			);
			runOnlyForDeploymentPostprocessing = 0;
		};
/* End PBXSourcesBuildPhase section */

/* Begin PBXTargetDependency section */
		CDAC32101AD6F884005C1494 /* PBXTargetDependency */ = {
			isa = PBXTargetDependency;
			target = CDAC31F81AD6F884005C1494 /* FFCalendar */;
			targetProxy = CDAC320F1AD6F884005C1494 /* PBXContainerItemProxy */;
		};
/* End PBXTargetDependency section */

/* Begin PBXVariantGroup section */
		CDAC32021AD6F884005C1494 /* Main.storyboard */ = {
			isa = PBXVariantGroup;
			children = (
				CDAC32031AD6F884005C1494 /* Base */,
			);
			name = Main.storyboard;
			sourceTree = "<group>";
		};
		CDAC32071AD6F884005C1494 /* LaunchScreen.xib */ = {
			isa = PBXVariantGroup;
			children = (
				CDAC32081AD6F884005C1494 /* Base */,
			);
			name = LaunchScreen.xib;
			sourceTree = "<group>";
		};
/* End PBXVariantGroup section */

/* Begin XCBuildConfiguration section */
		CDAC32161AD6F884005C1494 /* Debug */ = {
			isa = XCBuildConfiguration;
			buildSettings = {
				ALWAYS_SEARCH_USER_PATHS = NO;
				CLANG_CXX_LANGUAGE_STANDARD = "gnu++0x";
				CLANG_CXX_LIBRARY = "libc++";
				CLANG_ENABLE_MODULES = YES;
				CLANG_ENABLE_OBJC_ARC = YES;
				CLANG_WARN_BOOL_CONVERSION = YES;
				CLANG_WARN_CONSTANT_CONVERSION = YES;
				CLANG_WARN_DIRECT_OBJC_ISA_USAGE = YES_ERROR;
				CLANG_WARN_EMPTY_BODY = YES;
				CLANG_WARN_ENUM_CONVERSION = YES;
				CLANG_WARN_INT_CONVERSION = YES;
				CLANG_WARN_OBJC_ROOT_CLASS = YES_ERROR;
				CLANG_WARN_UNREACHABLE_CODE = YES;
				CLANG_WARN__DUPLICATE_METHOD_MATCH = YES;
				"CODE_SIGN_IDENTITY[sdk=iphoneos*]" = "iPhone Developer";
				COPY_PHASE_STRIP = NO;
				ENABLE_STRICT_OBJC_MSGSEND = YES;
				GCC_C_LANGUAGE_STANDARD = gnu99;
				GCC_DYNAMIC_NO_PIC = NO;
				GCC_OPTIMIZATION_LEVEL = 0;
				GCC_PREPROCESSOR_DEFINITIONS = (
					"DEBUG=1",
					"$(inherited)",
				);
				GCC_SYMBOLS_PRIVATE_EXTERN = NO;
				GCC_WARN_64_TO_32_BIT_CONVERSION = YES;
				GCC_WARN_ABOUT_RETURN_TYPE = YES_ERROR;
				GCC_WARN_UNDECLARED_SELECTOR = YES;
				GCC_WARN_UNINITIALIZED_AUTOS = YES_AGGRESSIVE;
				GCC_WARN_UNUSED_FUNCTION = YES;
				GCC_WARN_UNUSED_VARIABLE = YES;
				IPHONEOS_DEPLOYMENT_TARGET = 8.2;
				MTL_ENABLE_DEBUG_INFO = YES;
				ONLY_ACTIVE_ARCH = YES;
				SDKROOT = iphoneos;
				SWIFT_OPTIMIZATION_LEVEL = "-Onone";
				TARGETED_DEVICE_FAMILY = "1,2";
			};
			name = Debug;
		};
		CDAC32171AD6F884005C1494 /* Release */ = {
			isa = XCBuildConfiguration;
			buildSettings = {
				ALWAYS_SEARCH_USER_PATHS = NO;
				CLANG_CXX_LANGUAGE_STANDARD = "gnu++0x";
				CLANG_CXX_LIBRARY = "libc++";
				CLANG_ENABLE_MODULES = YES;
				CLANG_ENABLE_OBJC_ARC = YES;
				CLANG_WARN_BOOL_CONVERSION = YES;
				CLANG_WARN_CONSTANT_CONVERSION = YES;
				CLANG_WARN_DIRECT_OBJC_ISA_USAGE = YES_ERROR;
				CLANG_WARN_EMPTY_BODY = YES;
				CLANG_WARN_ENUM_CONVERSION = YES;
				CLANG_WARN_INT_CONVERSION = YES;
				CLANG_WARN_OBJC_ROOT_CLASS = YES_ERROR;
				CLANG_WARN_UNREACHABLE_CODE = YES;
				CLANG_WARN__DUPLICATE_METHOD_MATCH = YES;
				"CODE_SIGN_IDENTITY[sdk=iphoneos*]" = "iPhone Developer";
				COPY_PHASE_STRIP = NO;
				ENABLE_NS_ASSERTIONS = NO;
				ENABLE_STRICT_OBJC_MSGSEND = YES;
				GCC_C_LANGUAGE_STANDARD = gnu99;
				GCC_WARN_64_TO_32_BIT_CONVERSION = YES;
				GCC_WARN_ABOUT_RETURN_TYPE = YES_ERROR;
				GCC_WARN_UNDECLARED_SELECTOR = YES;
				GCC_WARN_UNINITIALIZED_AUTOS = YES_AGGRESSIVE;
				GCC_WARN_UNUSED_FUNCTION = YES;
				GCC_WARN_UNUSED_VARIABLE = YES;
				IPHONEOS_DEPLOYMENT_TARGET = 8.2;
				MTL_ENABLE_DEBUG_INFO = NO;
				SDKROOT = iphoneos;
				TARGETED_DEVICE_FAMILY = "1,2";
				VALIDATE_PRODUCT = YES;
			};
			name = Release;
		};
		CDAC32191AD6F884005C1494 /* Debug */ = {
			isa = XCBuildConfiguration;
			buildSettings = {
				ASSETCATALOG_COMPILER_APPICON_NAME = AppIcon;
				INFOPLIST_FILE = FFCalendar/Info.plist;
				LD_RUNPATH_SEARCH_PATHS = "$(inherited) @executable_path/Frameworks";
				PRODUCT_NAME = "$(TARGET_NAME)";
			};
			name = Debug;
		};
		CDAC321A1AD6F884005C1494 /* Release */ = {
			isa = XCBuildConfiguration;
			buildSettings = {
				ASSETCATALOG_COMPILER_APPICON_NAME = AppIcon;
				INFOPLIST_FILE = FFCalendar/Info.plist;
				LD_RUNPATH_SEARCH_PATHS = "$(inherited) @executable_path/Frameworks";
				PRODUCT_NAME = "$(TARGET_NAME)";
			};
			name = Release;
		};
		CDAC321C1AD6F884005C1494 /* Debug */ = {
			isa = XCBuildConfiguration;
			buildSettings = {
				BUNDLE_LOADER = "$(TEST_HOST)";
				FRAMEWORK_SEARCH_PATHS = (
					"$(SDKROOT)/Developer/Library/Frameworks",
					"$(inherited)",
				);
				GCC_PREPROCESSOR_DEFINITIONS = (
					"DEBUG=1",
					"$(inherited)",
				);
				INFOPLIST_FILE = FFCalendarTests/Info.plist;
				LD_RUNPATH_SEARCH_PATHS = "$(inherited) @executable_path/Frameworks @loader_path/Frameworks";
				PRODUCT_NAME = "$(TARGET_NAME)";
				TEST_HOST = "$(BUILT_PRODUCTS_DIR)/FFCalendar.app/FFCalendar";
			};
			name = Debug;
		};
		CDAC321D1AD6F884005C1494 /* Release */ = {
			isa = XCBuildConfiguration;
			buildSettings = {
				BUNDLE_LOADER = "$(TEST_HOST)";
				FRAMEWORK_SEARCH_PATHS = (
					"$(SDKROOT)/Developer/Library/Frameworks",
					"$(inherited)",
				);
				INFOPLIST_FILE = FFCalendarTests/Info.plist;
				LD_RUNPATH_SEARCH_PATHS = "$(inherited) @executable_path/Frameworks @loader_path/Frameworks";
				PRODUCT_NAME = "$(TARGET_NAME)";
				TEST_HOST = "$(BUILT_PRODUCTS_DIR)/FFCalendar.app/FFCalendar";
			};
			name = Release;
		};
/* End XCBuildConfiguration section */

/* Begin XCConfigurationList section */
		CDAC31F41AD6F884005C1494 /* Build configuration list for PBXProject "FFCalendar" */ = {
			isa = XCConfigurationList;
			buildConfigurations = (
				CDAC32161AD6F884005C1494 /* Debug */,
				CDAC32171AD6F884005C1494 /* Release */,
			);
			defaultConfigurationIsVisible = 0;
			defaultConfigurationName = Release;
		};
		CDAC32181AD6F884005C1494 /* Build configuration list for PBXNativeTarget "FFCalendar" */ = {
			isa = XCConfigurationList;
			buildConfigurations = (
				CDAC32191AD6F884005C1494 /* Debug */,
				CDAC321A1AD6F884005C1494 /* Release */,
			);
			defaultConfigurationIsVisible = 0;
		};
		CDAC321B1AD6F884005C1494 /* Build configuration list for PBXNativeTarget "FFCalendarTests" */ = {
			isa = XCConfigurationList;
			buildConfigurations = (
				CDAC321C1AD6F884005C1494 /* Debug */,
				CDAC321D1AD6F884005C1494 /* Release */,
			);
			defaultConfigurationIsVisible = 0;
		};
/* End XCConfigurationList section */
	};
	rootObject = CDAC31F11AD6F884005C1494 /* Project object */;
}
